<?xml version="1.0" encoding="utf-8"?>
<Project ToolsVersion="4.0" xmlns="http://schemas.microsoft.com/developer/msbuild/2003">
  <ItemGroup>
    <Filter Include="Source Files">
      <UniqueIdentifier>{4FC737F1-C7A5-4376-A066-2A32D752A2FF}</UniqueIdentifier>
      <Extensions>cpp;c;cc;cxx;c++;cppm;ixx;def;odl;idl;hpj;bat;asm;asmx</Extensions>
    </Filter>
    <Filter Include="Header Files">
      <UniqueIdentifier>{93995380-89BD-4b04-88EB-625FBE52EBFB}</UniqueIdentifier>
      <Extensions>h;hh;hpp;hxx;h++;hm;inl;inc;ipp;xsd</Extensions>
    </Filter>
    <Filter Include="Resource Files">
      <UniqueIdentifier>{67DA6AB6-F800-4c08-8B7A-83BB121AAD01}</UniqueIdentifier>
      <Extensions>rc;ico;cur;bmp;dlg;rc2;rct;bin;rgs;gif;jpg;jpeg;jpe;resx;tiff;tif;png;wav;mfcribbon-ms</Extensions>
    </Filter>
    <Filter Include="Header Files\common">
      <UniqueIdentifier>{2349320b-88d7-433c-812c-846abdcad88d}</UniqueIdentifier>
    </Filter>
    <Filter Include="Source Files\common">
      <UniqueIdentifier>{2f54ee6d-64b1-4974-8c0f-45f00874773e}</UniqueIdentifier>
    </Filter>
    <Filter Include="Header Files\common\klib">
      <UniqueIdentifier>{2a21fde4-7622-4594-af7e-1ad9fc841102}</UniqueIdentifier>
    </Filter>
    <Filter Include="Header Files\fe">
      <UniqueIdentifier>{2dd465c5-e365-4491-910b-4f5751dd6592}</UniqueIdentifier>
    </Filter>
    <Filter Include="Source Files\common\klib">
      <UniqueIdentifier>{91e22549-0556-4608-a3f1-ce2736c5d769}</UniqueIdentifier>
    </Filter>
    <Filter Include="Source Files\fe">
      <UniqueIdentifier>{1b4bba44-d9ec-4e46-9c9d-28dfbc017fea}</UniqueIdentifier>
    </Filter>
    <Filter Include="Header Files\common\imgui">
      <UniqueIdentifier>{a89a0e2e-d7bf-477d-8cd0-d7741a7157dd}</UniqueIdentifier>
    </Filter>
    <Filter Include="Source Files\common\imgui">
      <UniqueIdentifier>{bb0b2927-62e1-4ddb-a188-7322b05fa59a}</UniqueIdentifier>
    </Filter>
    <Filter Include="Header Files\windows">
      <UniqueIdentifier>{a1d2286e-26b3-4bcb-a04f-322e18bba48b}</UniqueIdentifier>
    </Filter>
    <Filter Include="Source Files\windows">
      <UniqueIdentifier>{11543951-df9b-4765-b09f-f711f12d574a}</UniqueIdentifier>
    </Filter>
    <Filter Include="Header Files\common\pugixml">
      <UniqueIdentifier>{3ea14066-12e3-4c50-9480-a18bdc07941d}</UniqueIdentifier>
    </Filter>
    <Filter Include="Source Files\common\pugixml">
      <UniqueIdentifier>{932f5f0c-6360-4d6c-97be-7d6fe5ffdfd0}</UniqueIdentifier>
    </Filter>
    <Filter Include="Header Files\fe\xml">
      <UniqueIdentifier>{e7f857a6-ab2f-4217-8ed0-c004be9dffeb}</UniqueIdentifier>
    </Filter>
    <Filter Include="Source Files\fe\xml">
      <UniqueIdentifier>{1f70b568-2e08-4b3d-882e-193f744c61a6}</UniqueIdentifier>
    </Filter>
    <Filter Include="Header Files\common\imguifiledialog">
      <UniqueIdentifier>{35c76d64-38c9-4e1d-a346-fe81e255cb87}</UniqueIdentifier>
    </Filter>
    <Filter Include="Source Files\common\imguifiledialog">
      <UniqueIdentifier>{899f9339-c7c9-4a63-a3a0-a4fbf03b6845}</UniqueIdentifier>
    </Filter>
  </ItemGroup>
  <ItemGroup>
    <ClCompile Include="src\main.cpp">
      <Filter>Source Files</Filter>
    </ClCompile>
    <ClCompile Include="src\fe\Chunk.cpp">
      <Filter>Source Files\fe</Filter>
    </ClCompile>
    <ClCompile Include="src\fe\Screen.cpp">
      <Filter>Source Files\fe</Filter>
    </ClCompile>
    <ClCompile Include="src\fe\Door.cpp">
      <Filter>Source Files\fe</Filter>
    </ClCompile>
    <ClCompile Include="src\common\klib\Bitreader.cpp">
      <Filter>Source Files\common\klib</Filter>
    </ClCompile>
    <ClCompile Include="src\common\klib\Kfile.cpp">
      <Filter>Source Files\common\klib</Filter>
    </ClCompile>
    <ClCompile Include="src\common\klib\NES_tile.cpp">
      <Filter>Source Files\common\klib</Filter>
    </ClCompile>
    <ClCompile Include="src\fe\Game.cpp">
      <Filter>Source Files\fe</Filter>
    </ClCompile>
    <ClCompile Include="src\common\imgui\imgui.cpp">
      <Filter>Source Files\common\imgui</Filter>
    </ClCompile>
    <ClCompile Include="src\common\imgui\imgui_draw.cpp">
      <Filter>Source Files\common\imgui</Filter>
    </ClCompile>
    <ClCompile Include="src\common\imgui\imgui_impl_sdl3.cpp">
      <Filter>Source Files\common\imgui</Filter>
    </ClCompile>
    <ClCompile Include="src\common\imgui\imgui_impl_sdlrenderer3.cpp">
      <Filter>Source Files\common\imgui</Filter>
    </ClCompile>
    <ClCompile Include="src\common\imgui\imgui_tables.cpp">
      <Filter>Source Files\common\imgui</Filter>
    </ClCompile>
    <ClCompile Include="src\common\imgui\imgui_widgets.cpp">
      <Filter>Source Files\common\imgui</Filter>
    </ClCompile>
    <ClCompile Include="src\windows\MainWindow.cpp">
      <Filter>Source Files\windows</Filter>
    </ClCompile>
    <ClCompile Include="src\windows\gfx.cpp">
      <Filter>Source Files\windows</Filter>
    </ClCompile>
    <ClCompile Include="src\fe\Metatile.cpp">
      <Filter>Source Files\fe</Filter>
    </ClCompile>
    <ClCompile Include="src\fe\Sprite.cpp">
      <Filter>Source Files\fe</Filter>
    </ClCompile>
    <ClCompile Include="src\fe\InterChunkScroll.cpp">
      <Filter>Source Files\fe</Filter>
    </ClCompile>
    <ClCompile Include="src\fe\IntraChunkScroll.cpp">
      <Filter>Source Files\fe</Filter>
    </ClCompile>
    <ClCompile Include="src\windows\imgui_helper.cpp">
      <Filter>Source Files\windows</Filter>
    </ClCompile>
    <ClCompile Include="src\windows\MetaDataWindow.cpp">
      <Filter>Source Files\windows</Filter>
    </ClCompile>
    <ClCompile Include="src\common\pugixml\pugixml.cpp">
      <Filter>Source Files\common\pugixml</Filter>
    </ClCompile>
    <ClCompile Include="src\fe\xml\Xml_helper.cpp">
      <Filter>Source Files\fe\xml</Filter>
    </ClCompile>
    <ClCompile Include="src\common\klib\Bitwriter.cpp">
      <Filter>Source Files\common\klib</Filter>
    </ClCompile>
    <ClCompile Include="src\fe\ROM_Manager.cpp">
      <Filter>Source Files\fe</Filter>
    </ClCompile>
    <ClCompile Include="src\windows\ControlWindow.cpp">
      <Filter>Source Files\windows</Filter>
    </ClCompile>
    <ClCompile Include="src\windows\TilemapWindow.cpp">
      <Filter>Source Files\windows</Filter>
    </ClCompile>
    <ClCompile Include="src\fe\Sprite_set.cpp">
      <Filter>Source Files\fe</Filter>
    </ClCompile>
    <ClCompile Include="src\fe\StageManager.cpp">
      <Filter>Source Files\fe</Filter>
    </ClCompile>
    <ClCompile Include="src\common\imguifiledialog\ImGuiFileDialog.cpp">
      <Filter>Source Files\common\imguifiledialog</Filter>
    </ClCompile>
    <ClCompile Include="src\common\klib\IPS_Patch.cpp">
      <Filter>Source Files\common\klib</Filter>
    </ClCompile>
    <ClCompile Include="src\fe\Sprite_definitions.cpp">
      <Filter>Source Files\fe</Filter>
    </ClCompile>
  </ItemGroup>
  <ItemGroup>
    <ClInclude Include="src\common\klib\Bitreader.h">
      <Filter>Header Files\common\klib</Filter>
    </ClInclude>
    <ClInclude Include="src\common\klib\Kfile.h">
      <Filter>Header Files\common\klib</Filter>
    </ClInclude>
    <ClInclude Include="src\fe\Chunk.h">
      <Filter>Header Files\fe</Filter>
    </ClInclude>
    <ClInclude Include="src\common\klib\Kutil.h">
      <Filter>Header Files\common\klib</Filter>
    </ClInclude>
    <ClInclude Include="src\fe\Screen.h">
      <Filter>Header Files\fe</Filter>
    </ClInclude>
    <ClInclude Include="src\fe\Door.h">
      <Filter>Header Files\fe</Filter>
    </ClInclude>
    <ClInclude Include="src\common\klib\NES_tile.h">
      <Filter>Header Files\common\klib</Filter>
    </ClInclude>
    <ClInclude Include="src\fe\Game.h">
      <Filter>Header Files\fe</Filter>
    </ClInclude>
    <ClInclude Include="src\common\imgui\imconfig.h">
      <Filter>Header Files\common\imgui</Filter>
    </ClInclude>
    <ClInclude Include="src\common\imgui\imgui.h">
      <Filter>Header Files\common\imgui</Filter>
    </ClInclude>
    <ClInclude Include="src\common\imgui\imgui_impl_sdl3.h">
      <Filter>Header Files\common\imgui</Filter>
    </ClInclude>
    <ClInclude Include="src\common\imgui\imgui_impl_sdlrenderer3.h">
      <Filter>Header Files\common\imgui</Filter>
    </ClInclude>
    <ClInclude Include="src\common\imgui\imgui_internal.h">
      <Filter>Header Files\common\imgui</Filter>
    </ClInclude>
    <ClInclude Include="src\common\imgui\imstb_rectpack.h">
      <Filter>Header Files\common\imgui</Filter>
    </ClInclude>
    <ClInclude Include="src\common\imgui\imstb_textedit.h">
      <Filter>Header Files\common\imgui</Filter>
    </ClInclude>
    <ClInclude Include="src\common\imgui\imstb_truetype.h">
      <Filter>Header Files\common\imgui</Filter>
    </ClInclude>
    <ClInclude Include="src\windows\MainWindow.h">
      <Filter>Header Files\windows</Filter>
    </ClInclude>
    <ClInclude Include="src\windows\gfx.h">
      <Filter>Header Files\windows</Filter>
    </ClInclude>
    <ClInclude Include="src\fe\Metatile.h">
      <Filter>Header Files\fe</Filter>
    </ClInclude>
    <ClInclude Include="src\fe\Sprite.h">
      <Filter>Header Files\fe</Filter>
    </ClInclude>
    <ClInclude Include="src\fe\InterChunkScroll.h">
      <Filter>Header Files\fe</Filter>
    </ClInclude>
    <ClInclude Include="src\fe\fe_constants.h">
      <Filter>Header Files\fe</Filter>
    </ClInclude>
    <ClInclude Include="src\fe\IntraChunkScroll.h">
      <Filter>Header Files\fe</Filter>
    </ClInclude>
    <ClInclude Include="src\windows\Imgui_helper.h">
      <Filter>Header Files\windows</Filter>
    </ClInclude>
    <ClInclude Include="src\common\pugixml\pugiconfig.hpp">
      <Filter>Header Files\common\pugixml</Filter>
    </ClInclude>
    <ClInclude Include="src\common\pugixml\pugixml.hpp">
      <Filter>Header Files\common\pugixml</Filter>
    </ClInclude>
    <ClInclude Include="src\fe\xml\Xml_helper.h">
      <Filter>Header Files\fe\xml</Filter>
    </ClInclude>
    <ClInclude Include="src\fe\xml\Xml_constants.h">
      <Filter>Header Files\fe\xml</Filter>
    </ClInclude>
    <ClInclude Include="src\common\klib\Bitwriter.h">
      <Filter>Header Files\common\klib</Filter>
    </ClInclude>
    <ClInclude Include="src\fe\ROM_Manager.h">
      <Filter>Header Files\fe</Filter>
    </ClInclude>
    <ClInclude Include="src\fe\Sprite_set.h">
      <Filter>Header Files\fe</Filter>
    </ClInclude>
    <ClInclude Include="src\fe\StageManager.h">
      <Filter>Header Files\fe</Filter>
    </ClInclude>
    <ClInclude Include="src\common\imguifiledialog\ImGuiFileDialog.h">
      <Filter>Header Files\common\imguifiledialog</Filter>
    </ClInclude>
    <ClInclude Include="src\common\imguifiledialog\ImGuiFileDialogConfig.h">
      <Filter>Header Files\common\imguifiledialog</Filter>
    </ClInclude>
    <ClInclude Include="src\common\klib\IPS_Patch.h">
      <Filter>Header Files\common\klib</Filter>
    </ClInclude>
    <ClInclude Include="src\fe\fe_app_constants.h">
      <Filter>Header Files\fe</Filter>
    </ClInclude>
    <ClInclude Include="src\fe\Sprite_definitions.h">
      <Filter>Header Files\fe</Filter>
    </ClInclude>
    <ClInclude Include="src\common\stb_image.h">
      <Filter>Header Files\common</Filter>
    </ClInclude>
  </ItemGroup>
</Project>