<?xml version="1.0" encoding="utf-8"?>
<Project ToolsVersion="4.0" xmlns="http://schemas.microsoft.com/developer/msbuild/2003">
  <ItemGroup>
    <Filter Include="Source Files">
      <UniqueIdentifier>{4FC737F1-C7A5-4376-A066-2A32D752A2FF}</UniqueIdentifier>
      <Extensions>cpp;c;cc;cxx;c++;cppm;ixx;def;odl;idl;hpj;bat;asm;asmx</Extensions>
    </Filter>
    <Filter Include="Header Files">
      <UniqueIdentifier>{93995380-89BD-4b04-88EB-625FBE52EBFB}</UniqueIdentifier>
      <Extensions>h;hh;hpp;hxx;h++;hm;inl;inc;ipp;xsd</Extensions>
    </Filter>
    <Filter Include="Resource Files">
      <UniqueIdentifier>{67DA6AB6-F800-4c08-8B7A-83BB121AAD01}</UniqueIdentifier>
      <Extensions>rc;ico;cur;bmp;dlg;rc2;rct;bin;rgs;gif;jpg;jpeg;jpe;resx;tiff;tif;png;wav;mfcribbon-ms</Extensions>
    </Filter>
    <Filter Include="Header Files\common">
      <UniqueIdentifier>{2349320b-88d7-433c-812c-846abdcad88d}</UniqueIdentifier>
    </Filter>
    <Filter Include="Source Files\common">
      <UniqueIdentifier>{2f54ee6d-64b1-4974-8c0f-45f00874773e}</UniqueIdentifier>
    </Filter>
    <Filter Include="Header Files\kfile">
      <UniqueIdentifier>{5595a8c7-9b30-4e9d-b53b-ac3c843f0cea}</UniqueIdentifier>
    </Filter>
    <Filter Include="Source Files\common\kfile">
      <UniqueIdentifier>{7750cd1f-7ca0-4ac7-be3e-08ad607850af}</UniqueIdentifier>
    </Filter>
  </ItemGroup>
  <ItemGroup>
    <ClCompile Include="src\main.cpp">
      <Filter>Source Files</Filter>
    </ClCompile>
    <ClCompile Include="..\common\source\Bitreader.cpp">
      <Filter>Source Files\common</Filter>
    </ClCompile>
    <ClCompile Include="..\common\source\kfile\Kfile.cpp">
      <Filter>Source Files\common\kfile</Filter>
    </ClCompile>
  </ItemGroup>
  <ItemGroup>
    <ClInclude Include="..\common\source\Bitreader.h">
      <Filter>Header Files\common</Filter>
    </ClInclude>
    <ClInclude Include="..\common\source\kfile\Kfile.h">
      <Filter>Header Files\kfile</Filter>
    </ClInclude>
  </ItemGroup>
</Project>